
Microsoft Visual Studio Solution File, Format Version 12.00
# Visual Studio Version 16
VisualStudioVersion = 16.0.34902.97
MinimumVisualStudioVersion = 10.0.40219.1
Project("{FAE04EC0-301F-11D3-BF4B-00C04F79EFBC}") = "CommonObjects", "CommonObjects\CommonObjects.csproj", "{89C02385-84A8-44CE-A4B8-60E392CE9B08}"
EndProject
Project("{FAE04EC0-301F-11D3-BF4B-00C04F79EFBC}") = "FilterControl", "FilterControl\FilterControl.csproj", "{3BCB54BC-A6BC-4A9F-A316-3A8500DE70E7}"
EndProject
Project("{FAE04EC0-301F-11D3-BF4B-00C04F79EFBC}") = "CloudFileCSDemo", "CloudFileCSDemo\CloudFileCSDemo.csproj", "{3EDF5FAE-D331-4584-B435-85FE6FB030D5}"
EndProject
Project("{8BC9CEB8-8B4A-11D0-8D11-00A0C91BC942}") = "CloudFileCPPDemo", "CloudFileCppDemo\CPlusPlusExample.vcxproj", "{52B1292D-A570-4E5B-AE29-D8E746F5A4E6}"
EndProject
Project("{FAE04EC0-301F-11D3-BF4B-00C04F79EFBC}") = "AmazonS3Sup", "AmazonS3Sup\AmazonS3Sup.csproj", "{A5FF34EE-E1B0-4EE1-B2E1-CAB31F9A9682}"
EndProject
Project("{FAE04EC0-301F-11D3-BF4B-00C04F79EFBC}") = "CloudFileS3Demo", "CloudFileS3Demo\CloudFileS3Demo.csproj", "{1325BF22-7994-4397-A04E-5B9C82504307}"
EndProject
Project("{FAE04EC0-301F-11D3-BF4B-00C04F79EFBC}") = "S3Explorer", "S3Explorer\S3Explorer.csproj", "{79D43BBA-6110-4332-BD78-608D4A089EFC}"
EndProject
Global
	GlobalSection(SolutionConfigurationPlatforms) = preSolution
		Debug|Any CPU = Debug|Any CPU
		Debug|Mixed Platforms = Debug|Mixed Platforms
		Debug|Win32 = Debug|Win32
		Debug|x64 = Debug|x64
		Debug|x86 = Debug|x86
		Release|Any CPU = Release|Any CPU
		Release|Mixed Platforms = Release|Mixed Platforms
		Release|Win32 = Release|Win32
		Release|x64 = Release|x64
		Release|x86 = Release|x86
	EndGlobalSection
	GlobalSection(ProjectConfigurationPlatforms) = postSolution
		{89C02385-84A8-44CE-A4B8-60E392CE9B08}.Debug|Any CPU.ActiveCfg = Debug|Any CPU
		{89C02385-84A8-44CE-A4B8-60E392CE9B08}.Debug|Any CPU.Build.0 = Debug|Any CPU
		{89C02385-84A8-44CE-A4B8-60E392CE9B08}.Debug|Mixed Platforms.ActiveCfg = Debug|Any CPU
		{89C02385-84A8-44CE-A4B8-60E392CE9B08}.Debug|Mixed Platforms.Build.0 = Debug|Any CPU
		{89C02385-84A8-44CE-A4B8-60E392CE9B08}.Debug|Win32.ActiveCfg = Debug|Any CPU
		{89C02385-84A8-44CE-A4B8-60E392CE9B08}.Debug|x64.ActiveCfg = Debug|Any CPU
		{89C02385-84A8-44CE-A4B8-60E392CE9B08}.Debug|x86.ActiveCfg = Debug|Any CPU
		{89C02385-84A8-44CE-A4B8-60E392CE9B08}.Release|Any CPU.ActiveCfg = Release|Any CPU
		{89C02385-84A8-44CE-A4B8-60E392CE9B08}.Release|Any CPU.Build.0 = Release|Any CPU
		{89C02385-84A8-44CE-A4B8-60E392CE9B08}.Release|Mixed Platforms.ActiveCfg = Release|Any CPU
		{89C02385-84A8-44CE-A4B8-60E392CE9B08}.Release|Mixed Platforms.Build.0 = Release|Any CPU
		{89C02385-84A8-44CE-A4B8-60E392CE9B08}.Release|Win32.ActiveCfg = Release|Any CPU
		{89C02385-84A8-44CE-A4B8-60E392CE9B08}.Release|x64.ActiveCfg = Release|Any CPU
		{89C02385-84A8-44CE-A4B8-60E392CE9B08}.Release|x86.ActiveCfg = Release|Any CPU
		{3BCB54BC-A6BC-4A9F-A316-3A8500DE70E7}.Debug|Any CPU.ActiveCfg = Debug|Any CPU
		{3BCB54BC-A6BC-4A9F-A316-3A8500DE70E7}.Debug|Any CPU.Build.0 = Debug|Any CPU
		{3BCB54BC-A6BC-4A9F-A316-3A8500DE70E7}.Debug|Mixed Platforms.ActiveCfg = Debug|Any CPU
		{3BCB54BC-A6BC-4A9F-A316-3A8500DE70E7}.Debug|Mixed Platforms.Build.0 = Debug|Any CPU
		{3BCB54BC-A6BC-4A9F-A316-3A8500DE70E7}.Debug|Win32.ActiveCfg = Debug|Any CPU
		{3BCB54BC-A6BC-4A9F-A316-3A8500DE70E7}.Debug|x64.ActiveCfg = Debug|Any CPU
		{3BCB54BC-A6BC-4A9F-A316-3A8500DE70E7}.Debug|x86.ActiveCfg = Debug|Any CPU
		{3BCB54BC-A6BC-4A9F-A316-3A8500DE70E7}.Release|Any CPU.ActiveCfg = Release|Any CPU
		{3BCB54BC-A6BC-4A9F-A316-3A8500DE70E7}.Release|Any CPU.Build.0 = Release|Any CPU
		{3BCB54BC-A6BC-4A9F-A316-3A8500DE70E7}.Release|Mixed Platforms.ActiveCfg = Release|Any CPU
		{3BCB54BC-A6BC-4A9F-A316-3A8500DE70E7}.Release|Mixed Platforms.Build.0 = Release|Any CPU
		{3BCB54BC-A6BC-4A9F-A316-3A8500DE70E7}.Release|Win32.ActiveCfg = Release|Any CPU
		{3BCB54BC-A6BC-4A9F-A316-3A8500DE70E7}.Release|x64.ActiveCfg = Release|Any CPU
		{3BCB54BC-A6BC-4A9F-A316-3A8500DE70E7}.Release|x86.ActiveCfg = Release|Any CPU
		{3EDF5FAE-D331-4584-B435-85FE6FB030D5}.Debug|Any CPU.ActiveCfg = Debug|Any CPU
		{3EDF5FAE-D331-4584-B435-85FE6FB030D5}.Debug|Any CPU.Build.0 = Debug|Any CPU
		{3EDF5FAE-D331-4584-B435-85FE6FB030D5}.Debug|Mixed Platforms.ActiveCfg = Debug|x86
		{3EDF5FAE-D331-4584-B435-85FE6FB030D5}.Debug|Mixed Platforms.Build.0 = Debug|x86
		{3EDF5FAE-D331-4584-B435-85FE6FB030D5}.Debug|Win32.ActiveCfg = Debug|x86
		{3EDF5FAE-D331-4584-B435-85FE6FB030D5}.Debug|Win32.Build.0 = Debug|x86
		{3EDF5FAE-D331-4584-B435-85FE6FB030D5}.Debug|x64.ActiveCfg = Debug|x64
		{3EDF5FAE-D331-4584-B435-85FE6FB030D5}.Debug|x64.Build.0 = Debug|x64
		{3EDF5FAE-D331-4584-B435-85FE6FB030D5}.Debug|x86.ActiveCfg = Debug|x86
		{3EDF5FAE-D331-4584-B435-85FE6FB030D5}.Debug|x86.Build.0 = Debug|x86
		{3EDF5FAE-D331-4584-B435-85FE6FB030D5}.Release|Any CPU.ActiveCfg = Release|Any CPU
		{3EDF5FAE-D331-4584-B435-85FE6FB030D5}.Release|Any CPU.Build.0 = Release|Any CPU
		{3EDF5FAE-D331-4584-B435-85FE6FB030D5}.Release|Mixed Platforms.ActiveCfg = Release|x86
		{3EDF5FAE-D331-4584-B435-85FE6FB030D5}.Release|Mixed Platforms.Build.0 = Release|x86
		{3EDF5FAE-D331-4584-B435-85FE6FB030D5}.Release|Win32.ActiveCfg = Release|x86
		{3EDF5FAE-D331-4584-B435-85FE6FB030D5}.Release|Win32.Build.0 = Release|x86
		{3EDF5FAE-D331-4584-B435-85FE6FB030D5}.Release|x64.ActiveCfg = Release|x64
		{3EDF5FAE-D331-4584-B435-85FE6FB030D5}.Release|x64.Build.0 = Release|x64
		{3EDF5FAE-D331-4584-B435-85FE6FB030D5}.Release|x86.ActiveCfg = Release|x86
		{3EDF5FAE-D331-4584-B435-85FE6FB030D5}.Release|x86.Build.0 = Release|x86
		{52B1292D-A570-4E5B-AE29-D8E746F5A4E6}.Debug|Any CPU.ActiveCfg = Debug|Win32
		{52B1292D-A570-4E5B-AE29-D8E746F5A4E6}.Debug|Mixed Platforms.ActiveCfg = Debug|Win32
		{52B1292D-A570-4E5B-AE29-D8E746F5A4E6}.Debug|Mixed Platforms.Build.0 = Debug|Win32
		{52B1292D-A570-4E5B-AE29-D8E746F5A4E6}.Debug|Win32.ActiveCfg = Debug|Win32
		{52B1292D-A570-4E5B-AE29-D8E746F5A4E6}.Debug|Win32.Build.0 = Debug|Win32
		{52B1292D-A570-4E5B-AE29-D8E746F5A4E6}.Debug|x64.ActiveCfg = Debug|x64
		{52B1292D-A570-4E5B-AE29-D8E746F5A4E6}.Debug|x64.Build.0 = Debug|x64
		{52B1292D-A570-4E5B-AE29-D8E746F5A4E6}.Debug|x86.ActiveCfg = Debug|Win32
		{52B1292D-A570-4E5B-AE29-D8E746F5A4E6}.Debug|x86.Build.0 = Debug|Win32
		{52B1292D-A570-4E5B-AE29-D8E746F5A4E6}.Release|Any CPU.ActiveCfg = Release|Win32
		{52B1292D-A570-4E5B-AE29-D8E746F5A4E6}.Release|Mixed Platforms.ActiveCfg = Release|Win32
		{52B1292D-A570-4E5B-AE29-D8E746F5A4E6}.Release|Mixed Platforms.Build.0 = Release|Win32
		{52B1292D-A570-4E5B-AE29-D8E746F5A4E6}.Release|Win32.ActiveCfg = Release|Win32
		{52B1292D-A570-4E5B-AE29-D8E746F5A4E6}.Release|Win32.Build.0 = Release|Win32
		{52B1292D-A570-4E5B-AE29-D8E746F5A4E6}.Release|x64.ActiveCfg = Release|x64
		{52B1292D-A570-4E5B-AE29-D8E746F5A4E6}.Release|x64.Build.0 = Release|x64
		{52B1292D-A570-4E5B-AE29-D8E746F5A4E6}.Release|x86.ActiveCfg = Release|Win32
		{52B1292D-A570-4E5B-AE29-D8E746F5A4E6}.Release|x86.Build.0 = Release|Win32
		{A5FF34EE-E1B0-4EE1-B2E1-CAB31F9A9682}.Debug|Any CPU.ActiveCfg = Debug|Any CPU
		{A5FF34EE-E1B0-4EE1-B2E1-CAB31F9A9682}.Debug|Any CPU.Build.0 = Debug|Any CPU
		{A5FF34EE-E1B0-4EE1-B2E1-CAB31F9A9682}.Debug|Mixed Platforms.ActiveCfg = Debug|Any CPU
		{A5FF34EE-E1B0-4EE1-B2E1-CAB31F9A9682}.Debug|Mixed Platforms.Build.0 = Debug|Any CPU
		{A5FF34EE-E1B0-4EE1-B2E1-CAB31F9A9682}.Debug|Win32.ActiveCfg = Debug|Any CPU
		{A5FF34EE-E1B0-4EE1-B2E1-CAB31F9A9682}.Debug|Win32.Build.0 = Debug|Any CPU
		{A5FF34EE-E1B0-4EE1-B2E1-CAB31F9A9682}.Debug|x64.ActiveCfg = Debug|Any CPU
		{A5FF34EE-E1B0-4EE1-B2E1-CAB31F9A9682}.Debug|x64.Build.0 = Debug|Any CPU
		{A5FF34EE-E1B0-4EE1-B2E1-CAB31F9A9682}.Debug|x86.ActiveCfg = Debug|Any CPU
		{A5FF34EE-E1B0-4EE1-B2E1-CAB31F9A9682}.Debug|x86.Build.0 = Debug|Any CPU
		{A5FF34EE-E1B0-4EE1-B2E1-CAB31F9A9682}.Release|Any CPU.ActiveCfg = Release|Any CPU
		{A5FF34EE-E1B0-4EE1-B2E1-CAB31F9A9682}.Release|Any CPU.Build.0 = Release|Any CPU
		{A5FF34EE-E1B0-4EE1-B2E1-CAB31F9A9682}.Release|Mixed Platforms.ActiveCfg = Release|Any CPU
		{A5FF34EE-E1B0-4EE1-B2E1-CAB31F9A9682}.Release|Mixed Platforms.Build.0 = Release|Any CPU
		{A5FF34EE-E1B0-4EE1-B2E1-CAB31F9A9682}.Release|Win32.ActiveCfg = Release|Any CPU
		{A5FF34EE-E1B0-4EE1-B2E1-CAB31F9A9682}.Release|Win32.Build.0 = Release|Any CPU
		{A5FF34EE-E1B0-4EE1-B2E1-CAB31F9A9682}.Release|x64.ActiveCfg = Release|Any CPU
		{A5FF34EE-E1B0-4EE1-B2E1-CAB31F9A9682}.Release|x64.Build.0 = Release|Any CPU
		{A5FF34EE-E1B0-4EE1-B2E1-CAB31F9A9682}.Release|x86.ActiveCfg = Release|Any CPU
		{A5FF34EE-E1B0-4EE1-B2E1-CAB31F9A9682}.Release|x86.Build.0 = Release|Any CPU
		{1325BF22-7994-4397-A04E-5B9C82504307}.Debug|Any CPU.ActiveCfg = Debug|Any CPU
		{1325BF22-7994-4397-A04E-5B9C82504307}.Debug|Any CPU.Build.0 = Debug|Any CPU
		{1325BF22-7994-4397-A04E-5B9C82504307}.Debug|Mixed Platforms.ActiveCfg = Debug|x86
		{1325BF22-7994-4397-A04E-5B9C82504307}.Debug|Mixed Platforms.Build.0 = Debug|x86
		{1325BF22-7994-4397-A04E-5B9C82504307}.Debug|Win32.ActiveCfg = Debug|x86
		{1325BF22-7994-4397-A04E-5B9C82504307}.Debug|Win32.Build.0 = Debug|x86
		{1325BF22-7994-4397-A04E-5B9C82504307}.Debug|x64.ActiveCfg = Debug|x64
		{1325BF22-7994-4397-A04E-5B9C82504307}.Debug|x64.Build.0 = Debug|x64
		{1325BF22-7994-4397-A04E-5B9C82504307}.Debug|x86.ActiveCfg = Debug|x86
		{1325BF22-7994-4397-A04E-5B9C82504307}.Debug|x86.Build.0 = Debug|x86
		{1325BF22-7994-4397-A04E-5B9C82504307}.Release|Any CPU.ActiveCfg = Release|Any CPU
		{1325BF22-7994-4397-A04E-5B9C82504307}.Release|Any CPU.Build.0 = Release|Any CPU
		{1325BF22-7994-4397-A04E-5B9C82504307}.Release|Mixed Platforms.ActiveCfg = Release|x86
		{1325BF22-7994-4397-A04E-5B9C82504307}.Release|Mixed Platforms.Build.0 = Release|x86
		{1325BF22-7994-4397-A04E-5B9C82504307}.Release|Win32.ActiveCfg = Release|x86
		{1325BF22-7994-4397-A04E-5B9C82504307}.Release|Win32.Build.0 = Release|x86
		{1325BF22-7994-4397-A04E-5B9C82504307}.Release|x64.ActiveCfg = Release|x64
		{1325BF22-7994-4397-A04E-5B9C82504307}.Release|x64.Build.0 = Release|x64
		{1325BF22-7994-4397-A04E-5B9C82504307}.Release|x86.ActiveCfg = Release|x86
		{1325BF22-7994-4397-A04E-5B9C82504307}.Release|x86.Build.0 = Release|x86
		{79D43BBA-6110-4332-BD78-608D4A089EFC}.Debug|Any CPU.ActiveCfg = Debug|Any CPU
		{79D43BBA-6110-4332-BD78-608D4A089EFC}.Debug|Any CPU.Build.0 = Debug|Any CPU
		{79D43BBA-6110-4332-BD78-608D4A089EFC}.Debug|Mixed Platforms.ActiveCfg = Debug|Any CPU
		{79D43BBA-6110-4332-BD78-608D4A089EFC}.Debug|Mixed Platforms.Build.0 = Debug|Any CPU
		{79D43BBA-6110-4332-BD78-608D4A089EFC}.Debug|Win32.ActiveCfg = Debug|Any CPU
		{79D43BBA-6110-4332-BD78-608D4A089EFC}.Debug|Win32.Build.0 = Debug|Any CPU
		{79D43BBA-6110-4332-BD78-608D4A089EFC}.Debug|x64.ActiveCfg = Debug|Any CPU
		{79D43BBA-6110-4332-BD78-608D4A089EFC}.Debug|x64.Build.0 = Debug|Any CPU
		{79D43BBA-6110-4332-BD78-608D4A089EFC}.Debug|x86.ActiveCfg = Debug|Any CPU
		{79D43BBA-6110-4332-BD78-608D4A089EFC}.Debug|x86.Build.0 = Debug|Any CPU
		{79D43BBA-6110-4332-BD78-608D4A089EFC}.Release|Any CPU.ActiveCfg = Release|Any CPU
		{79D43BBA-6110-4332-BD78-608D4A089EFC}.Release|Any CPU.Build.0 = Release|Any CPU
		{79D43BBA-6110-4332-BD78-608D4A089EFC}.Release|Mixed Platforms.ActiveCfg = Release|Any CPU
		{79D43BBA-6110-4332-BD78-608D4A089EFC}.Release|Mixed Platforms.Build.0 = Release|Any CPU
		{79D43BBA-6110-4332-BD78-608D4A089EFC}.Release|Win32.ActiveCfg = Release|Any CPU
		{79D43BBA-6110-4332-BD78-608D4A089EFC}.Release|Win32.Build.0 = Release|Any CPU
		{79D43BBA-6110-4332-BD78-608D4A089EFC}.Release|x64.ActiveCfg = Release|Any CPU
		{79D43BBA-6110-4332-BD78-608D4A089EFC}.Release|x64.Build.0 = Release|Any CPU
		{79D43BBA-6110-4332-BD78-608D4A089EFC}.Release|x86.ActiveCfg = Release|Any CPU
		{79D43BBA-6110-4332-BD78-608D4A089EFC}.Release|x86.Build.0 = Release|Any CPU
	EndGlobalSection
	GlobalSection(SolutionProperties) = preSolution
		HideSolutionNode = FALSE
	EndGlobalSection
	GlobalSection(ExtensibilityGlobals) = postSolution
		SolutionGuid = {2C6DC889-9204-4AF1-A582-40A7608680D2}
	EndGlobalSection
EndGlobal
